
Microsoft Visual Studio Solution File, Format Version 11.00
# Visual C# Express 2010
Project("{FAE04EC0-301F-11D3-BF4B-00C04F79EFBC}") = "SlidePuzzle", "SlidePuzzle\SlidePuzzle\SlidePuzzle.csproj", "{C51E5BDA-1705-4871-B492-6504E4884417}"
EndProject
Project("{96E2B04D-8817-42C6-938A-82C39BA4D311}") = "SlidePuzzleContent", "SlidePuzzle\SlidePuzzleContent\SlidePuzzleContent.contentproj", "{922053CA-5226-431F-BB1E-79B932D482FB}"
EndProject
Global
	GlobalSection(SolutionConfigurationPlatforms) = preSolution
		Debug|x86 = Debug|x86
		Release|x86 = Release|x86
	EndGlobalSection
	GlobalSection(ProjectConfigurationPlatforms) = postSolution
		{C51E5BDA-1705-4871-B492-6504E4884417}.Debug|x86.ActiveCfg = Debug|x86
		{C51E5BDA-1705-4871-B492-6504E4884417}.Debug|x86.Build.0 = Debug|x86
		{C51E5BDA-1705-4871-B492-6504E4884417}.Release|x86.ActiveCfg = Release|x86
		{C51E5BDA-1705-4871-B492-6504E4884417}.Release|x86.Build.0 = Release|x86
		{922053CA-5226-431F-BB1E-79B932D482FB}.Debug|x86.ActiveCfg = Debug|x86
		{922053CA-5226-431F-BB1E-79B932D482FB}.Release|x86.ActiveCfg = Release|x86
	EndGlobalSection
	GlobalSection(SolutionProperties) = preSolution
		HideSolutionNode = FALSE
	EndGlobalSection
EndGlobal
