
Microsoft Visual Studio Solution File, Format Version 11.00
# Visual C# Express 2010
Project("{FAE04EC0-301F-11D3-BF4B-00C04F79EFBC}") = "Wiskunde", "Wiskunde\Wiskunde\Wiskunde.csproj", "{A9167BED-42D0-41CC-A7C6-BD83D42CA7FB}"
EndProject
Project("{96E2B04D-8817-42C6-938A-82C39BA4D311}") = "WiskundeContent", "Wiskunde\WiskundeContent\WiskundeContent.contentproj", "{79D10DCF-F2B9-44CF-9E1D-39CF4B72CD07}"
EndProject
Global
	GlobalSection(SolutionConfigurationPlatforms) = preSolution
		Debug|x86 = Debug|x86
		Release|x86 = Release|x86
	EndGlobalSection
	GlobalSection(ProjectConfigurationPlatforms) = postSolution
		{A9167BED-42D0-41CC-A7C6-BD83D42CA7FB}.Debug|x86.ActiveCfg = Debug|x86
		{A9167BED-42D0-41CC-A7C6-BD83D42CA7FB}.Debug|x86.Build.0 = Debug|x86
		{A9167BED-42D0-41CC-A7C6-BD83D42CA7FB}.Release|x86.ActiveCfg = Release|x86
		{A9167BED-42D0-41CC-A7C6-BD83D42CA7FB}.Release|x86.Build.0 = Release|x86
		{79D10DCF-F2B9-44CF-9E1D-39CF4B72CD07}.Debug|x86.ActiveCfg = Debug|x86
		{79D10DCF-F2B9-44CF-9E1D-39CF4B72CD07}.Release|x86.ActiveCfg = Release|x86
	EndGlobalSection
	GlobalSection(SolutionProperties) = preSolution
		HideSolutionNode = FALSE
	EndGlobalSection
EndGlobal
